
Microsoft Visual Studio Solution File, Format Version 12.00
# Visual Studio Version 17
VisualStudioVersion = 17.4.33213.308
MinimumVisualStudioVersion = 10.0.40219.1
Project("{FAE04EC0-301F-11D3-BF4B-00C04F79EFBC}") = "API", "API\API.csproj", "{6263921D-04C5-4D29-8574-26BADBFE3781}"
EndProject
Global
	GlobalSection(SolutionConfigurationPlatforms) = preSolution
		Debug|Any CPU = Debug|Any CPU
		Release|Any CPU = Release|Any CPU
	EndGlobalSection
	GlobalSection(ProjectConfigurationPlatforms) = postSolution
		{6263921D-04C5-4D29-8574-26BADBFE3781}.Debug|Any CPU.ActiveCfg = Debug|Any CPU
		{6263921D-04C5-4D29-8574-26BADBFE3781}.Debug|Any CPU.Build.0 = Debug|Any CPU
		{6263921D-04C5-4D29-8574-26BADBFE3781}.Release|Any CPU.ActiveCfg = Release|Any CPU
		{6263921D-04C5-4D29-8574-26BADBFE3781}.Release|Any CPU.Build.0 = Release|Any CPU
	EndGlobalSection
	GlobalSection(SolutionProperties) = preSolution
		HideSolutionNode = FALSE
	EndGlobalSection
	GlobalSection(ExtensibilityGlobals) = postSolution
		SolutionGuid = {C79CD576-E4CF-4C29-A145-64473C674390}
	EndGlobalSection
EndGlobal
